
Microsoft Visual Studio Solution File, Format Version 12.00
# Visual Studio Version 16
VisualStudioVersion = 16.0.34301.259
MinimumVisualStudioVersion = 10.0.40219.1
Project("{FAE04EC0-301F-11D3-BF4B-00C04F79EFBC}") = "Fast Calculator", "Fast Calculator\Fast Calculator.csproj", "{7F2AE1B2-C010-49F1-BE08-2F2135B4A223}"
EndProject
Global
	GlobalSection(SolutionConfigurationPlatforms) = preSolution
		Debug|Any CPU = Debug|Any CPU
		Release|Any CPU = Release|Any CPU
	EndGlobalSection
	GlobalSection(ProjectConfigurationPlatforms) = postSolution
		{7F2AE1B2-C010-49F1-BE08-2F2135B4A223}.Debug|Any CPU.ActiveCfg = Debug|Any CPU
		{7F2AE1B2-C010-49F1-BE08-2F2135B4A223}.Debug|Any CPU.Build.0 = Debug|Any CPU
		{7F2AE1B2-C010-49F1-BE08-2F2135B4A223}.Release|Any CPU.ActiveCfg = Release|Any CPU
		{7F2AE1B2-C010-49F1-BE08-2F2135B4A223}.Release|Any CPU.Build.0 = Release|Any CPU
	EndGlobalSection
	GlobalSection(SolutionProperties) = preSolution
		HideSolutionNode = FALSE
	EndGlobalSection
	GlobalSection(ExtensibilityGlobals) = postSolution
		SolutionGuid = {2B2A76FA-22E1-4AE5-97C0-B8EF5981A848}
	EndGlobalSection
EndGlobal
